dependencies:
  chmorgan/esp-libhelix-mp3:
    component_hash: cbb76089dc2c5749f7b470e2e70aedc44c9da519e04eb9a67d4c7ec275229e53
    source:
      service_url: https://api.components.espressif.com/
      type: service
    version: 1.0.3
  espressif/mdns:
    component_hash: d6665090cf41eb399c184aab6f34234251a773e052fb53ca044dcb576264c646
    source:
      service_url: https://api.components.espressif.com/
      type: service
    version: 1.2.1
  idf:
    component_hash: null
    source:
      type: idf
    version: 5.1.1
manifest_hash: fece4bfd37ee40787130b3f68c927865202047f9e78d64d73501cf297f20a211
target: esp32
version: 1.0.0
